
Microsoft Visual Studio Solution File, Format Version 12.00
# Visual Studio Version 17
VisualStudioVersion = 17.5.002.0
MinimumVisualStudioVersion = 10.0.40219.1
Project("{9A19103F-16F7-4668-BE54-9A1E7A4F7556}") = "getinfra.samples.grpc", "getinfra.samples.grpc.csproj", "{E567B179-54D8-481A-827D-2F1B5B8010CA}"
EndProject
Global
	GlobalSection(SolutionConfigurationPlatforms) = preSolution
		Debug|Any CPU = Debug|Any CPU
		Release|Any CPU = Release|Any CPU
	EndGlobalSection
	GlobalSection(ProjectConfigurationPlatforms) = postSolution
		{E567B179-54D8-481A-827D-2F1B5B8010CA}.Debug|Any CPU.ActiveCfg = Debug|Any CPU
		{E567B179-54D8-481A-827D-2F1B5B8010CA}.Debug|Any CPU.Build.0 = Debug|Any CPU
		{E567B179-54D8-481A-827D-2F1B5B8010CA}.Release|Any CPU.ActiveCfg = Release|Any CPU
		{E567B179-54D8-481A-827D-2F1B5B8010CA}.Release|Any CPU.Build.0 = Release|Any CPU
	EndGlobalSection
	GlobalSection(SolutionProperties) = preSolution
		HideSolutionNode = FALSE
	EndGlobalSection
	GlobalSection(ExtensibilityGlobals) = postSolution
		SolutionGuid = {AB0FE64E-3F6B-4D4A-B28D-52596377EC05}
	EndGlobalSection
EndGlobal
